{
  "object": {
    "pins": [
      {
        "package": "WalletKitCore",
        "repositoryURL": "https://github.com/domagoj-grizelj/WalletKitCore",
        "state": {
          "branch": null,
          "revision": "e64767640f00dd056472fe99e0661702eb8ec856",
          "version": "1.0.0"
        }
      }
    ]
  },
  "version": 1
}
